<Solution>
  <Project Path="ui_lobby.csproj" />
  <Project Path="ui_dialog.csproj" />
  <Project Path="SO_Common.csproj" />
  <Project Path="Coffee.SoftMaskForUGUI.csproj" />
  <Project Path="Coffee.SoftMaskForUGUI.Editor.csproj" />
  <Project Path="ui_login.csproj" />
  <Project Path="Util.csproj" />
  <Project Path="UI_util.csproj" />
  <Project Path="Assembly-CSharp.csproj" />
  <Project Path="UI_session.csproj" />
  <Project Path="UI_common.csproj" />
  <Project Path="Proto.csproj" />
  <Project Path="ugs.csproj" />
  <Project Path="ui_Interface.csproj" />
  <Project Path="Assembly-CSharp-Editor.csproj" />
  <Project Path="InputSystem.csproj" />
</Solution>
